
Microsoft Visual Studio Solution File, Format Version 12.00
# Visual Studio Version 16
VisualStudioVersion = 16.0.30611.23
MinimumVisualStudioVersion = 10.0.40219.1
Project("{FAE04EC0-301F-11D3-BF4B-00C04F79EFBC}") = "CSharpPractice", "CSharpPractice\CSharpPractice.csproj", "{974986B4-43ED-4A75-84EE-A994E9302B02}"
EndProject
Global
	GlobalSection(SolutionConfigurationPlatforms) = preSolution
		Debug|Any CPU = Debug|Any CPU
		Release|Any CPU = Release|Any CPU
	EndGlobalSection
	GlobalSection(ProjectConfigurationPlatforms) = postSolution
		{974986B4-43ED-4A75-84EE-A994E9302B02}.Debug|Any CPU.ActiveCfg = Debug|Any CPU
		{974986B4-43ED-4A75-84EE-A994E9302B02}.Debug|Any CPU.Build.0 = Debug|Any CPU
		{974986B4-43ED-4A75-84EE-A994E9302B02}.Release|Any CPU.ActiveCfg = Release|Any CPU
		{974986B4-43ED-4A75-84EE-A994E9302B02}.Release|Any CPU.Build.0 = Release|Any CPU
	EndGlobalSection
	GlobalSection(SolutionProperties) = preSolution
		HideSolutionNode = FALSE
	EndGlobalSection
	GlobalSection(ExtensibilityGlobals) = postSolution
		SolutionGuid = {46298C77-491D-42F1-96E6-E55BBFCB3A84}
	EndGlobalSection
EndGlobal
